%{"amrita": {:git, "git://github.com/josephwilk/amrita.git", "bc28aeb2c773a71808dd814a9390758da1af744c", []},
  "certifi": {:hex, :certifi, "0.3.0"},
  "espec": {:hex, :espec, "0.6.3"},
  "hackney": {:hex, :hackney, "1.4.7"},
  "httpoison": {:hex, :httpoison, "0.8.0"},
  "idna": {:hex, :idna, "1.0.2"},
  "meck": {:hex, :meck, "0.8.3"},
  "mimerl": {:hex, :mimerl, "1.0.2"},
  "poison": {:hex, :poison, "1.5.0"},
  "ssl_verify_hostname": {:hex, :ssl_verify_hostname, "1.0.5"}}
