%{"amrita": {:git, "git://github.com/josephwilk/amrita.git", "bc28aeb2c773a71808dd814a9390758da1af744c", []},
  "espec": {:hex, :espec, "0.6.3"},
  "hackney": {:hex, :hackney, "1.1.0"},
  "httpoison": {:hex, :httpoison, "0.6.2"},
  "idna": {:hex, :idna, "1.0.2"},
  "meck": {:hex, :meck, "0.8.3"},
  "poison": {:hex, :poison, "1.3.1"},
  "ssl_verify_hostname": {:hex, :ssl_verify_hostname, "1.0.4"}}
